
Microsoft Visual Studio Solution File, Format Version 12.00
# Visual Studio 15
VisualStudioVersion = 15.0.27130.2020
MinimumVisualStudioVersion = 10.0.40219.1
Project("{FAE04EC0-301F-11D3-BF4B-00C04F79EFBC}") = "AccountManagementService", "AccountManagementService\AccountManagementService.csproj", "{F4F379B9-A535-4879-A412-F9FA996B817C}"
EndProject
Global
	GlobalSection(SolutionConfigurationPlatforms) = preSolution
		Debug|Any CPU = Debug|Any CPU
		Release|Any CPU = Release|Any CPU
	EndGlobalSection
	GlobalSection(ProjectConfigurationPlatforms) = postSolution
		{F4F379B9-A535-4879-A412-F9FA996B817C}.Debug|Any CPU.ActiveCfg = Debug|Any CPU
		{F4F379B9-A535-4879-A412-F9FA996B817C}.Debug|Any CPU.Build.0 = Debug|Any CPU
		{F4F379B9-A535-4879-A412-F9FA996B817C}.Release|Any CPU.ActiveCfg = Release|Any CPU
		{F4F379B9-A535-4879-A412-F9FA996B817C}.Release|Any CPU.Build.0 = Release|Any CPU
	EndGlobalSection
	GlobalSection(SolutionProperties) = preSolution
		HideSolutionNode = FALSE
	EndGlobalSection
	GlobalSection(ExtensibilityGlobals) = postSolution
		SolutionGuid = {791AB7CA-44F0-41F5-941E-109E3900CCA8}
	EndGlobalSection
EndGlobal
