
Microsoft Visual Studio Solution File, Format Version 12.00
# Visual Studio 15
VisualStudioVersion = 15.0.27428.1
MinimumVisualStudioVersion = 10.0.40219.1
Project("{FAE04EC0-301F-11D3-BF4B-00C04F79EFBC}") = "NotificationService", "NotificationService\NotificationService.csproj", "{0F3531A0-F56F-4390-8109-A4A0FD355349}"
EndProject
Global
	GlobalSection(SolutionConfigurationPlatforms) = preSolution
		Debug|Any CPU = Debug|Any CPU
		Release|Any CPU = Release|Any CPU
	EndGlobalSection
	GlobalSection(ProjectConfigurationPlatforms) = postSolution
		{0F3531A0-F56F-4390-8109-A4A0FD355349}.Debug|Any CPU.ActiveCfg = Debug|Any CPU
		{0F3531A0-F56F-4390-8109-A4A0FD355349}.Debug|Any CPU.Build.0 = Debug|Any CPU
		{0F3531A0-F56F-4390-8109-A4A0FD355349}.Release|Any CPU.ActiveCfg = Release|Any CPU
		{0F3531A0-F56F-4390-8109-A4A0FD355349}.Release|Any CPU.Build.0 = Release|Any CPU
	EndGlobalSection
	GlobalSection(SolutionProperties) = preSolution
		HideSolutionNode = FALSE
	EndGlobalSection
	GlobalSection(ExtensibilityGlobals) = postSolution
		SolutionGuid = {56E3EC75-E24E-40D5-A556-0C44A31015FA}
	EndGlobalSection
EndGlobal
