
Microsoft Visual Studio Solution File, Format Version 12.00
# Visual Studio 15
VisualStudioVersion = 15.0.27130.2020
MinimumVisualStudioVersion = 10.0.40219.1
Project("{FAE04EC0-301F-11D3-BF4B-00C04F79EFBC}") = "SteadyMedClient", "SteadyMedClient\SteadyMedClient.csproj", "{59DBB5E1-0F4C-4ACD-8CEB-6E393B4FC214}"
EndProject
Global
	GlobalSection(SolutionConfigurationPlatforms) = preSolution
		Debug|Any CPU = Debug|Any CPU
		Release|Any CPU = Release|Any CPU
	EndGlobalSection
	GlobalSection(ProjectConfigurationPlatforms) = postSolution
		{59DBB5E1-0F4C-4ACD-8CEB-6E393B4FC214}.Debug|Any CPU.ActiveCfg = Debug|Any CPU
		{59DBB5E1-0F4C-4ACD-8CEB-6E393B4FC214}.Debug|Any CPU.Build.0 = Debug|Any CPU
		{59DBB5E1-0F4C-4ACD-8CEB-6E393B4FC214}.Release|Any CPU.ActiveCfg = Release|Any CPU
		{59DBB5E1-0F4C-4ACD-8CEB-6E393B4FC214}.Release|Any CPU.Build.0 = Release|Any CPU
	EndGlobalSection
	GlobalSection(SolutionProperties) = preSolution
		HideSolutionNode = FALSE
	EndGlobalSection
	GlobalSection(ExtensibilityGlobals) = postSolution
		SolutionGuid = {E87B8CB0-092E-4A45-A2ED-4658210C41ED}
	EndGlobalSection
EndGlobal
